
Microsoft Visual Studio Solution File, Format Version 12.00
# Visual Studio 15
VisualStudioVersion = 15.0.28307.852
MinimumVisualStudioVersion = 10.0.40219.1
Project("{FAE04EC0-301F-11D3-BF4B-00C04F79EFBC}") = "WebApplication1", "WebApplication1\WebApplication1.csproj", "{342D589B-2B5B-4940-8B4D-B91A8007598C}"
EndProject
Global
	GlobalSection(SolutionConfigurationPlatforms) = preSolution
		Debug|Any CPU = Debug|Any CPU
		Release|Any CPU = Release|Any CPU
	EndGlobalSection
	GlobalSection(ProjectConfigurationPlatforms) = postSolution
		{342D589B-2B5B-4940-8B4D-B91A8007598C}.Debug|Any CPU.ActiveCfg = Debug|Any CPU
		{342D589B-2B5B-4940-8B4D-B91A8007598C}.Debug|Any CPU.Build.0 = Debug|Any CPU
		{342D589B-2B5B-4940-8B4D-B91A8007598C}.Release|Any CPU.ActiveCfg = Release|Any CPU
		{342D589B-2B5B-4940-8B4D-B91A8007598C}.Release|Any CPU.Build.0 = Release|Any CPU
	EndGlobalSection
	GlobalSection(SolutionProperties) = preSolution
		HideSolutionNode = FALSE
	EndGlobalSection
	GlobalSection(ExtensibilityGlobals) = postSolution
		SolutionGuid = {8F61A3DB-87A7-4E34-8150-6A2A4DE9020E}
	EndGlobalSection
EndGlobal
